
Microsoft Visual Studio Solution File, Format Version 12.00
# Visual Studio Version 17
VisualStudioVersion = 17.4.33213.308
MinimumVisualStudioVersion = 10.0.40219.1
Project("{FAE04EC0-301F-11D3-BF4B-00C04F79EFBC}") = "BankSystem", "BankSystem.csproj", "{6F5AB495-7C57-4210-A02A-62F85A52C16F}"
EndProject
Global
	GlobalSection(SolutionConfigurationPlatforms) = preSolution
		Debug|Any CPU = Debug|Any CPU
		Release|Any CPU = Release|Any CPU
	EndGlobalSection
	GlobalSection(ProjectConfigurationPlatforms) = postSolution
		{6F5AB495-7C57-4210-A02A-62F85A52C16F}.Debug|Any CPU.ActiveCfg = Debug|Any CPU
		{6F5AB495-7C57-4210-A02A-62F85A52C16F}.Debug|Any CPU.Build.0 = Debug|Any CPU
		{6F5AB495-7C57-4210-A02A-62F85A52C16F}.Release|Any CPU.ActiveCfg = Release|Any CPU
		{6F5AB495-7C57-4210-A02A-62F85A52C16F}.Release|Any CPU.Build.0 = Release|Any CPU
	EndGlobalSection
	GlobalSection(SolutionProperties) = preSolution
		HideSolutionNode = FALSE
	EndGlobalSection
	GlobalSection(ExtensibilityGlobals) = postSolution
		SolutionGuid = {F14C2AAB-1B96-4792-B1BC-A0846CDB2B7B}
	EndGlobalSection
EndGlobal
